
Microsoft Visual Studio Solution File, Format Version 12.00
# Visual Studio Version 17
VisualStudioVersion = 17.5.002.0
MinimumVisualStudioVersion = 10.0.40219.1
Project("{9A19103F-16F7-4668-BE54-9A1E7A4F7556}") = "Decorator", "Decorator.csproj", "{2DF230B8-883A-4A4D-AD47-3CF2D87AE3CC}"
EndProject
Global
	GlobalSection(SolutionConfigurationPlatforms) = preSolution
		Debug|Any CPU = Debug|Any CPU
		Release|Any CPU = Release|Any CPU
	EndGlobalSection
	GlobalSection(ProjectConfigurationPlatforms) = postSolution
		{2DF230B8-883A-4A4D-AD47-3CF2D87AE3CC}.Debug|Any CPU.ActiveCfg = Debug|Any CPU
		{2DF230B8-883A-4A4D-AD47-3CF2D87AE3CC}.Debug|Any CPU.Build.0 = Debug|Any CPU
		{2DF230B8-883A-4A4D-AD47-3CF2D87AE3CC}.Release|Any CPU.ActiveCfg = Release|Any CPU
		{2DF230B8-883A-4A4D-AD47-3CF2D87AE3CC}.Release|Any CPU.Build.0 = Release|Any CPU
	EndGlobalSection
	GlobalSection(SolutionProperties) = preSolution
		HideSolutionNode = FALSE
	EndGlobalSection
	GlobalSection(ExtensibilityGlobals) = postSolution
		SolutionGuid = {CBF74487-B2F2-4D30-85D3-5C404F24E557}
	EndGlobalSection
EndGlobal
